
Microsoft Visual Studio Solution File, Format Version 12.00
# Visual Studio Version 17
VisualStudioVersion = 17.7.34202.233
MinimumVisualStudioVersion = 10.0.40219.1
Project("{9A19103F-16F7-4668-BE54-9A1E7A4F7556}") = "StudyConsoleProject", "StudyConsoleProject\StudyConsoleProject.csproj", "{F5FCDDDB-09F8-4DAB-825B-794C700E7F6C}"
EndProject
Project("{9A19103F-16F7-4668-BE54-9A1E7A4F7556}") = "StudyLibraryProject", "..\StudyLibraryProject\StudyLibraryProject.csproj", "{93AB9283-AE73-4D79-B2F8-C0C86FFCF2CA}"
EndProject
Project("{9A19103F-16F7-4668-BE54-9A1E7A4F7556}") = "StudyWpfProject", "..\StudyWpfProject\StudyWpfProject.csproj", "{900DA2E0-61FD-49FC-9210-86A4B2990C21}"
EndProject
Project("{9A19103F-16F7-4668-BE54-9A1E7A4F7556}") = "StudyDatabaseProject", "..\StudyDatabaseProject\StudyDatabaseProject.csproj", "{A8427B89-10C4-4D10-B803-DFC7397A8896}"
EndProject
Project("{9A19103F-16F7-4668-BE54-9A1E7A4F7556}") = "MVCSite", "MVCSite\MVCSite.csproj", "{1B51B3B8-2E58-4837-9BFE-04BCB81BBDB0}"
EndProject
Project("{9A19103F-16F7-4668-BE54-9A1E7A4F7556}") = "BlazorAppWASM.Server", "BlazorAppWASM\Server\BlazorAppWASM.Server.csproj", "{A05C55A6-8ED5-4E6B-8E42-CA06D650A9AC}"
EndProject
Project("{9A19103F-16F7-4668-BE54-9A1E7A4F7556}") = "BlazorAppWASM.Client", "BlazorAppWASM\Client\BlazorAppWASM.Client.csproj", "{88573FF4-4AA6-4CE2-B1E0-89CFDD3C5AA8}"
EndProject
Project("{9A19103F-16F7-4668-BE54-9A1E7A4F7556}") = "BlazorAppWASM.Shared", "BlazorAppWASM\Shared\BlazorAppWASM.Shared.csproj", "{DA611D34-9787-45E1-A76D-F29D00A14F53}"
EndProject
Project("{FAE04EC0-301F-11D3-BF4B-00C04F79EFBC}") = "MainAPI", "MainAPI\MainAPI.csproj", "{254CDA39-ACB1-4559-8FD1-F5FF6F786D85}"
EndProject
Global
	GlobalSection(SolutionConfigurationPlatforms) = preSolution
		Debug|Any CPU = Debug|Any CPU
		Release|Any CPU = Release|Any CPU
	EndGlobalSection
	GlobalSection(ProjectConfigurationPlatforms) = postSolution
		{F5FCDDDB-09F8-4DAB-825B-794C700E7F6C}.Debug|Any CPU.ActiveCfg = Debug|Any CPU
		{F5FCDDDB-09F8-4DAB-825B-794C700E7F6C}.Debug|Any CPU.Build.0 = Debug|Any CPU
		{F5FCDDDB-09F8-4DAB-825B-794C700E7F6C}.Release|Any CPU.ActiveCfg = Release|Any CPU
		{F5FCDDDB-09F8-4DAB-825B-794C700E7F6C}.Release|Any CPU.Build.0 = Release|Any CPU
		{93AB9283-AE73-4D79-B2F8-C0C86FFCF2CA}.Debug|Any CPU.ActiveCfg = Debug|Any CPU
		{93AB9283-AE73-4D79-B2F8-C0C86FFCF2CA}.Debug|Any CPU.Build.0 = Debug|Any CPU
		{93AB9283-AE73-4D79-B2F8-C0C86FFCF2CA}.Release|Any CPU.ActiveCfg = Release|Any CPU
		{93AB9283-AE73-4D79-B2F8-C0C86FFCF2CA}.Release|Any CPU.Build.0 = Release|Any CPU
		{900DA2E0-61FD-49FC-9210-86A4B2990C21}.Debug|Any CPU.ActiveCfg = Debug|Any CPU
		{900DA2E0-61FD-49FC-9210-86A4B2990C21}.Debug|Any CPU.Build.0 = Debug|Any CPU
		{900DA2E0-61FD-49FC-9210-86A4B2990C21}.Release|Any CPU.ActiveCfg = Release|Any CPU
		{900DA2E0-61FD-49FC-9210-86A4B2990C21}.Release|Any CPU.Build.0 = Release|Any CPU
		{A8427B89-10C4-4D10-B803-DFC7397A8896}.Debug|Any CPU.ActiveCfg = Debug|Any CPU
		{A8427B89-10C4-4D10-B803-DFC7397A8896}.Debug|Any CPU.Build.0 = Debug|Any CPU
		{A8427B89-10C4-4D10-B803-DFC7397A8896}.Release|Any CPU.ActiveCfg = Release|Any CPU
		{A8427B89-10C4-4D10-B803-DFC7397A8896}.Release|Any CPU.Build.0 = Release|Any CPU
		{1B51B3B8-2E58-4837-9BFE-04BCB81BBDB0}.Debug|Any CPU.ActiveCfg = Debug|Any CPU
		{1B51B3B8-2E58-4837-9BFE-04BCB81BBDB0}.Debug|Any CPU.Build.0 = Debug|Any CPU
		{1B51B3B8-2E58-4837-9BFE-04BCB81BBDB0}.Release|Any CPU.ActiveCfg = Release|Any CPU
		{1B51B3B8-2E58-4837-9BFE-04BCB81BBDB0}.Release|Any CPU.Build.0 = Release|Any CPU
		{A05C55A6-8ED5-4E6B-8E42-CA06D650A9AC}.Debug|Any CPU.ActiveCfg = Debug|Any CPU
		{A05C55A6-8ED5-4E6B-8E42-CA06D650A9AC}.Debug|Any CPU.Build.0 = Debug|Any CPU
		{A05C55A6-8ED5-4E6B-8E42-CA06D650A9AC}.Release|Any CPU.ActiveCfg = Release|Any CPU
		{A05C55A6-8ED5-4E6B-8E42-CA06D650A9AC}.Release|Any CPU.Build.0 = Release|Any CPU
		{88573FF4-4AA6-4CE2-B1E0-89CFDD3C5AA8}.Debug|Any CPU.ActiveCfg = Debug|Any CPU
		{88573FF4-4AA6-4CE2-B1E0-89CFDD3C5AA8}.Debug|Any CPU.Build.0 = Debug|Any CPU
		{88573FF4-4AA6-4CE2-B1E0-89CFDD3C5AA8}.Release|Any CPU.ActiveCfg = Release|Any CPU
		{88573FF4-4AA6-4CE2-B1E0-89CFDD3C5AA8}.Release|Any CPU.Build.0 = Release|Any CPU
		{DA611D34-9787-45E1-A76D-F29D00A14F53}.Debug|Any CPU.ActiveCfg = Debug|Any CPU
		{DA611D34-9787-45E1-A76D-F29D00A14F53}.Debug|Any CPU.Build.0 = Debug|Any CPU
		{DA611D34-9787-45E1-A76D-F29D00A14F53}.Release|Any CPU.ActiveCfg = Release|Any CPU
		{DA611D34-9787-45E1-A76D-F29D00A14F53}.Release|Any CPU.Build.0 = Release|Any CPU
		{254CDA39-ACB1-4559-8FD1-F5FF6F786D85}.Debug|Any CPU.ActiveCfg = Debug|Any CPU
		{254CDA39-ACB1-4559-8FD1-F5FF6F786D85}.Debug|Any CPU.Build.0 = Debug|Any CPU
		{254CDA39-ACB1-4559-8FD1-F5FF6F786D85}.Release|Any CPU.ActiveCfg = Release|Any CPU
		{254CDA39-ACB1-4559-8FD1-F5FF6F786D85}.Release|Any CPU.Build.0 = Release|Any CPU
	EndGlobalSection
	GlobalSection(SolutionProperties) = preSolution
		HideSolutionNode = FALSE
	EndGlobalSection
	GlobalSection(ExtensibilityGlobals) = postSolution
		SolutionGuid = {529082DF-074E-48AF-8047-C85CCBA0B203}
	EndGlobalSection
EndGlobal
